
Microsoft Visual Studio Solution File, Format Version 12.00
# Visual Studio 15
VisualStudioVersion = 15.0.28010.2046
MinimumVisualStudioVersion = 10.0.40219.1
Project("{FAE04EC0-301F-11D3-BF4B-00C04F79EFBC}") = "FinalProject", "FinalProject\FinalProject.csproj", "{FE92F878-7310-4B46-920A-63D56AC6179C}"
EndProject
Global
	GlobalSection(SolutionConfigurationPlatforms) = preSolution
		Debug|Any CPU = Debug|Any CPU
		Release|Any CPU = Release|Any CPU
	EndGlobalSection
	GlobalSection(ProjectConfigurationPlatforms) = postSolution
		{FE92F878-7310-4B46-920A-63D56AC6179C}.Debug|Any CPU.ActiveCfg = Debug|Any CPU
		{FE92F878-7310-4B46-920A-63D56AC6179C}.Debug|Any CPU.Build.0 = Debug|Any CPU
		{FE92F878-7310-4B46-920A-63D56AC6179C}.Release|Any CPU.ActiveCfg = Release|Any CPU
		{FE92F878-7310-4B46-920A-63D56AC6179C}.Release|Any CPU.Build.0 = Release|Any CPU
	EndGlobalSection
	GlobalSection(SolutionProperties) = preSolution
		HideSolutionNode = FALSE
	EndGlobalSection
	GlobalSection(ExtensibilityGlobals) = postSolution
		SolutionGuid = {2F16F582-88A6-4858-9F27-83FDBC67EC7A}
	EndGlobalSection
EndGlobal
